
Microsoft Visual Studio Solution File, Format Version 12.00
# Visual Studio 15
VisualStudioVersion = 15.0.26730.16
MinimumVisualStudioVersion = 10.0.40219.1
Project("{FAE04EC0-301F-11D3-BF4B-00C04F79EFBC}") = "NShine.Core", "src\NShine.Core\NShine.Core.csproj", "{F7DFDD98-368D-49F8-94CE-D1BDA273F282}"
EndProject
Project("{FAE04EC0-301F-11D3-BF4B-00C04F79EFBC}") = "NShine.Core.Tests", "tests\NShine.Core.Tests\NShine.Core.Tests.csproj", "{42D40A26-38F9-4F63-9714-4D2611A15236}"
EndProject
Global
	GlobalSection(SolutionConfigurationPlatforms) = preSolution
		Debug|Any CPU = Debug|Any CPU
		Release|Any CPU = Release|Any CPU
	EndGlobalSection
	GlobalSection(ProjectConfigurationPlatforms) = postSolution
		{F7DFDD98-368D-49F8-94CE-D1BDA273F282}.Debug|Any CPU.ActiveCfg = Debug|Any CPU
		{F7DFDD98-368D-49F8-94CE-D1BDA273F282}.Debug|Any CPU.Build.0 = Debug|Any CPU
		{F7DFDD98-368D-49F8-94CE-D1BDA273F282}.Release|Any CPU.ActiveCfg = Release|Any CPU
		{F7DFDD98-368D-49F8-94CE-D1BDA273F282}.Release|Any CPU.Build.0 = Release|Any CPU
		{42D40A26-38F9-4F63-9714-4D2611A15236}.Debug|Any CPU.ActiveCfg = Debug|Any CPU
		{42D40A26-38F9-4F63-9714-4D2611A15236}.Debug|Any CPU.Build.0 = Debug|Any CPU
		{42D40A26-38F9-4F63-9714-4D2611A15236}.Release|Any CPU.ActiveCfg = Release|Any CPU
		{42D40A26-38F9-4F63-9714-4D2611A15236}.Release|Any CPU.Build.0 = Release|Any CPU
	EndGlobalSection
	GlobalSection(SolutionProperties) = preSolution
		HideSolutionNode = FALSE
	EndGlobalSection
	GlobalSection(ExtensibilityGlobals) = postSolution
		SolutionGuid = {9B86330E-0CB0-450E-969F-4B11632EE17E}
	EndGlobalSection
EndGlobal
